
Microsoft Visual Studio Solution File, Format Version 12.00
# Visual Studio 15
VisualStudioVersion = 15.0.27130.2020
MinimumVisualStudioVersion = 10.0.40219.1
Project("{2150E333-8FDC-42A3-9474-1A3956D46DE8}") = "2. Servicios Distribuidos", "2. Servicios Distribuidos", "{9B5F7340-B969-42BD-8B8B-BF844B3148C5}"
EndProject
Project("{2150E333-8FDC-42A3-9474-1A3956D46DE8}") = "3. Aplicacion", "3. Aplicacion", "{7612ADEC-2E7F-4CAD-A3EE-A3872083B8E9}"
EndProject
Project("{2150E333-8FDC-42A3-9474-1A3956D46DE8}") = "4. Dominio", "4. Dominio", "{666CDCF7-0094-49CB-9F09-1F538B4AA5C8}"
EndProject
Project("{2150E333-8FDC-42A3-9474-1A3956D46DE8}") = "5. Infraestructura", "5. Infraestructura", "{6CD8A245-6C61-44D8-A764-AC04EE681251}"
EndProject
Project("{2150E333-8FDC-42A3-9474-1A3956D46DE8}") = "6. Transversal", "6. Transversal", "{6A89C775-D350-4FED-B60F-D03098E4A550}"
EndProject
Project("{2150E333-8FDC-42A3-9474-1A3956D46DE8}") = "5.1. Datos", "5.1. Datos", "{A967DF06-3793-435D-A1FC-2D55A0AA4DFF}"
EndProject
Project("{2150E333-8FDC-42A3-9474-1A3956D46DE8}") = "Generico", "Generico", "{C4F8CAA0-7A9A-491A-AD98-3EAE00C010E7}"
EndProject
Project("{FAE04EC0-301F-11D3-BF4B-00C04F79EFBC}") = "Logistica.Entidades", "Logistica.Entidades\Logistica.Entidades.csproj", "{230C1BC9-E5EA-4B66-835D-12B0740C66B0}"
EndProject
Project("{FAE04EC0-301F-11D3-BF4B-00C04F79EFBC}") = "Logistica.Datos.Interfaces", "Logistica.Datos.Interfaces\Logistica.Datos.Interfaces.csproj", "{D04C9157-30DD-4950-A61E-433387913556}"
EndProject
Project("{FAE04EC0-301F-11D3-BF4B-00C04F79EFBC}") = "Logistica.Datos.Modelo", "Logistica.Datos.Modelo\Logistica.Datos.Modelo.csproj", "{A9B37050-B6E1-4169-BBE9-B84BF14972DC}"
EndProject
Project("{FAE04EC0-301F-11D3-BF4B-00C04F79EFBC}") = "Logistica.Datos.Repositorio", "Logistica.Datos.Repositorio\Logistica.Datos.Repositorio.csproj", "{1F281949-E69D-4DE3-997B-5B84FA04F032}"
EndProject
Project("{FAE04EC0-301F-11D3-BF4B-00C04F79EFBC}") = "Logistica.Dominio.Entidades", "Logistica.Dominio.Entidades\Logistica.Dominio.Entidades.csproj", "{EFC050B8-0577-4880-A110-ACAAD8AFC246}"
EndProject
Project("{FAE04EC0-301F-11D3-BF4B-00C04F79EFBC}") = "Logistica.Dominio.Enumerados", "Logistica.Dominio.Enumerados\Logistica.Dominio.Enumerados.csproj", "{70F04AFC-4E94-4ED5-A04C-5CBF808F0346}"
EndProject
Project("{FAE04EC0-301F-11D3-BF4B-00C04F79EFBC}") = "Logistica.Dominio.RepositorioInterfaces", "Logistica.Dominio.RepositorioInterfaces\Logistica.Dominio.RepositorioInterfaces.csproj", "{8D58E602-AB40-4F99-B2FA-4A1B613874D8}"
EndProject
Project("{FAE04EC0-301F-11D3-BF4B-00C04F79EFBC}") = "Logistica.Aplicacion.Proceso", "Logistica.Aplicacion.Proceso\Logistica.Aplicacion.Proceso.csproj", "{2E52617A-DE09-48BD-AFF1-D0FD11306CD1}"
EndProject
Project("{FAE04EC0-301F-11D3-BF4B-00C04F79EFBC}") = "Logistica.Aplicacion.Interfaces", "Logistica.Aplicacion.Interfaces\Logistica.Aplicacion.Interfaces.csproj", "{BAB5FA9A-CCE1-4E0F-8FEA-D4B10DCD373A}"
EndProject
Project("{FAE04EC0-301F-11D3-BF4B-00C04F79EFBC}") = "Logistica.Aplicacion.Servicios", "Logistica.Aplicacion.Servicios\Logistica.Aplicacion.Servicios.csproj", "{781D56EC-A0B5-4A1A-A593-EBB48D36B056}"
EndProject
Project("{FAE04EC0-301F-11D3-BF4B-00C04F79EFBC}") = "Logistica.Framework", "Logistica.Framework\Logistica.Framework.csproj", "{4C44422C-FCB8-4976-A8AB-9BEF6F2144F4}"
EndProject
Project("{2150E333-8FDC-42A3-9474-1A3956D46DE8}") = "1. Presentacion", "1. Presentacion", "{B874F601-0E2C-4760-AE4F-652BCA029408}"
EndProject
Project("{FAE04EC0-301F-11D3-BF4B-00C04F79EFBC}") = "Logistica.Servicios.Host", "Logistica.Servicios.Host\Logistica.Servicios.Host.csproj", "{96BE39BB-BECF-4F83-9F08-0A7B21FF91AA}"
EndProject
Project("{FAE04EC0-301F-11D3-BF4B-00C04F79EFBC}") = "Logistica.Servicios", "Logistica.Servicios\Logistica.Servicios.csproj", "{795FF9CB-EB72-4524-AC52-1A0CCD16E789}"
EndProject
Project("{2150E333-8FDC-42A3-9474-1A3956D46DE8}") = "Ioc", "Ioc", "{1276A1BB-3A7A-4F25-A8E1-99879B22E94E}"
EndProject
Project("{FAE04EC0-301F-11D3-BF4B-00C04F79EFBC}") = "Med.PEC.Presentacion.IoC", "Logistica.Presentacion.IoC\Med.PEC.Presentacion.IoC.csproj", "{CB672166-38FA-451D-BA5D-1277C71246F7}"
EndProject
Project("{2150E333-8FDC-42A3-9474-1A3956D46DE8}") = "IoC", "IoC", "{AD87360A-CEB0-4076-AB54-5601C31E54CD}"
EndProject
Project("{FAE04EC0-301F-11D3-BF4B-00C04F79EFBC}") = "Logistica.Servicios.IoC", "Logistica.Servicios.IoC\Logistica.Servicios.IoC.csproj", "{093932F9-9467-41BF-A599-62EFBAB07A9A}"
EndProject
Project("{FAE04EC0-301F-11D3-BF4B-00C04F79EFBC}") = "Logistica.Presentacion", "Logistica.Presentacion\Logistica.Presentacion.csproj", "{969E96AE-7A6F-413B-9897-29E381849BF7}"
EndProject
Global
	GlobalSection(SolutionConfigurationPlatforms) = preSolution
		Debug|Any CPU = Debug|Any CPU
		DebugLocal|Any CPU = DebugLocal|Any CPU
		Release|Any CPU = Release|Any CPU
	EndGlobalSection
	GlobalSection(ProjectConfigurationPlatforms) = postSolution
		{230C1BC9-E5EA-4B66-835D-12B0740C66B0}.Debug|Any CPU.ActiveCfg = Debug|Any CPU
		{230C1BC9-E5EA-4B66-835D-12B0740C66B0}.Debug|Any CPU.Build.0 = Debug|Any CPU
		{230C1BC9-E5EA-4B66-835D-12B0740C66B0}.DebugLocal|Any CPU.ActiveCfg = Debug|Any CPU
		{230C1BC9-E5EA-4B66-835D-12B0740C66B0}.DebugLocal|Any CPU.Build.0 = Debug|Any CPU
		{230C1BC9-E5EA-4B66-835D-12B0740C66B0}.Release|Any CPU.ActiveCfg = Release|Any CPU
		{230C1BC9-E5EA-4B66-835D-12B0740C66B0}.Release|Any CPU.Build.0 = Release|Any CPU
		{D04C9157-30DD-4950-A61E-433387913556}.Debug|Any CPU.ActiveCfg = Debug|Any CPU
		{D04C9157-30DD-4950-A61E-433387913556}.Debug|Any CPU.Build.0 = Debug|Any CPU
		{D04C9157-30DD-4950-A61E-433387913556}.DebugLocal|Any CPU.ActiveCfg = Debug|Any CPU
		{D04C9157-30DD-4950-A61E-433387913556}.DebugLocal|Any CPU.Build.0 = Debug|Any CPU
		{D04C9157-30DD-4950-A61E-433387913556}.Release|Any CPU.ActiveCfg = Release|Any CPU
		{D04C9157-30DD-4950-A61E-433387913556}.Release|Any CPU.Build.0 = Release|Any CPU
		{A9B37050-B6E1-4169-BBE9-B84BF14972DC}.Debug|Any CPU.ActiveCfg = Debug|Any CPU
		{A9B37050-B6E1-4169-BBE9-B84BF14972DC}.Debug|Any CPU.Build.0 = Debug|Any CPU
		{A9B37050-B6E1-4169-BBE9-B84BF14972DC}.DebugLocal|Any CPU.ActiveCfg = Debug|Any CPU
		{A9B37050-B6E1-4169-BBE9-B84BF14972DC}.DebugLocal|Any CPU.Build.0 = Debug|Any CPU
		{A9B37050-B6E1-4169-BBE9-B84BF14972DC}.Release|Any CPU.ActiveCfg = Release|Any CPU
		{A9B37050-B6E1-4169-BBE9-B84BF14972DC}.Release|Any CPU.Build.0 = Release|Any CPU
		{1F281949-E69D-4DE3-997B-5B84FA04F032}.Debug|Any CPU.ActiveCfg = Debug|Any CPU
		{1F281949-E69D-4DE3-997B-5B84FA04F032}.Debug|Any CPU.Build.0 = Debug|Any CPU
		{1F281949-E69D-4DE3-997B-5B84FA04F032}.DebugLocal|Any CPU.ActiveCfg = Debug|Any CPU
		{1F281949-E69D-4DE3-997B-5B84FA04F032}.DebugLocal|Any CPU.Build.0 = Debug|Any CPU
		{1F281949-E69D-4DE3-997B-5B84FA04F032}.Release|Any CPU.ActiveCfg = Release|Any CPU
		{1F281949-E69D-4DE3-997B-5B84FA04F032}.Release|Any CPU.Build.0 = Release|Any CPU
		{EFC050B8-0577-4880-A110-ACAAD8AFC246}.Debug|Any CPU.ActiveCfg = Debug|Any CPU
		{EFC050B8-0577-4880-A110-ACAAD8AFC246}.Debug|Any CPU.Build.0 = Debug|Any CPU
		{EFC050B8-0577-4880-A110-ACAAD8AFC246}.DebugLocal|Any CPU.ActiveCfg = Debug|Any CPU
		{EFC050B8-0577-4880-A110-ACAAD8AFC246}.DebugLocal|Any CPU.Build.0 = Debug|Any CPU
		{EFC050B8-0577-4880-A110-ACAAD8AFC246}.Release|Any CPU.ActiveCfg = Release|Any CPU
		{EFC050B8-0577-4880-A110-ACAAD8AFC246}.Release|Any CPU.Build.0 = Release|Any CPU
		{70F04AFC-4E94-4ED5-A04C-5CBF808F0346}.Debug|Any CPU.ActiveCfg = Debug|Any CPU
		{70F04AFC-4E94-4ED5-A04C-5CBF808F0346}.Debug|Any CPU.Build.0 = Debug|Any CPU
		{70F04AFC-4E94-4ED5-A04C-5CBF808F0346}.DebugLocal|Any CPU.ActiveCfg = Debug|Any CPU
		{70F04AFC-4E94-4ED5-A04C-5CBF808F0346}.DebugLocal|Any CPU.Build.0 = Debug|Any CPU
		{70F04AFC-4E94-4ED5-A04C-5CBF808F0346}.Release|Any CPU.ActiveCfg = Release|Any CPU
		{70F04AFC-4E94-4ED5-A04C-5CBF808F0346}.Release|Any CPU.Build.0 = Release|Any CPU
		{8D58E602-AB40-4F99-B2FA-4A1B613874D8}.Debug|Any CPU.ActiveCfg = Debug|Any CPU
		{8D58E602-AB40-4F99-B2FA-4A1B613874D8}.Debug|Any CPU.Build.0 = Debug|Any CPU
		{8D58E602-AB40-4F99-B2FA-4A1B613874D8}.DebugLocal|Any CPU.ActiveCfg = Debug|Any CPU
		{8D58E602-AB40-4F99-B2FA-4A1B613874D8}.DebugLocal|Any CPU.Build.0 = Debug|Any CPU
		{8D58E602-AB40-4F99-B2FA-4A1B613874D8}.Release|Any CPU.ActiveCfg = Release|Any CPU
		{8D58E602-AB40-4F99-B2FA-4A1B613874D8}.Release|Any CPU.Build.0 = Release|Any CPU
		{2E52617A-DE09-48BD-AFF1-D0FD11306CD1}.Debug|Any CPU.ActiveCfg = Debug|Any CPU
		{2E52617A-DE09-48BD-AFF1-D0FD11306CD1}.Debug|Any CPU.Build.0 = Debug|Any CPU
		{2E52617A-DE09-48BD-AFF1-D0FD11306CD1}.DebugLocal|Any CPU.ActiveCfg = Debug|Any CPU
		{2E52617A-DE09-48BD-AFF1-D0FD11306CD1}.DebugLocal|Any CPU.Build.0 = Debug|Any CPU
		{2E52617A-DE09-48BD-AFF1-D0FD11306CD1}.Release|Any CPU.ActiveCfg = Release|Any CPU
		{2E52617A-DE09-48BD-AFF1-D0FD11306CD1}.Release|Any CPU.Build.0 = Release|Any CPU
		{BAB5FA9A-CCE1-4E0F-8FEA-D4B10DCD373A}.Debug|Any CPU.ActiveCfg = Debug|Any CPU
		{BAB5FA9A-CCE1-4E0F-8FEA-D4B10DCD373A}.Debug|Any CPU.Build.0 = Debug|Any CPU
		{BAB5FA9A-CCE1-4E0F-8FEA-D4B10DCD373A}.DebugLocal|Any CPU.ActiveCfg = Debug|Any CPU
		{BAB5FA9A-CCE1-4E0F-8FEA-D4B10DCD373A}.DebugLocal|Any CPU.Build.0 = Debug|Any CPU
		{BAB5FA9A-CCE1-4E0F-8FEA-D4B10DCD373A}.Release|Any CPU.ActiveCfg = Release|Any CPU
		{BAB5FA9A-CCE1-4E0F-8FEA-D4B10DCD373A}.Release|Any CPU.Build.0 = Release|Any CPU
		{781D56EC-A0B5-4A1A-A593-EBB48D36B056}.Debug|Any CPU.ActiveCfg = Debug|Any CPU
		{781D56EC-A0B5-4A1A-A593-EBB48D36B056}.Debug|Any CPU.Build.0 = Debug|Any CPU
		{781D56EC-A0B5-4A1A-A593-EBB48D36B056}.DebugLocal|Any CPU.ActiveCfg = Debug|Any CPU
		{781D56EC-A0B5-4A1A-A593-EBB48D36B056}.DebugLocal|Any CPU.Build.0 = Debug|Any CPU
		{781D56EC-A0B5-4A1A-A593-EBB48D36B056}.Release|Any CPU.ActiveCfg = Release|Any CPU
		{781D56EC-A0B5-4A1A-A593-EBB48D36B056}.Release|Any CPU.Build.0 = Release|Any CPU
		{4C44422C-FCB8-4976-A8AB-9BEF6F2144F4}.Debug|Any CPU.ActiveCfg = Debug|Any CPU
		{4C44422C-FCB8-4976-A8AB-9BEF6F2144F4}.Debug|Any CPU.Build.0 = Debug|Any CPU
		{4C44422C-FCB8-4976-A8AB-9BEF6F2144F4}.DebugLocal|Any CPU.ActiveCfg = Debug|Any CPU
		{4C44422C-FCB8-4976-A8AB-9BEF6F2144F4}.DebugLocal|Any CPU.Build.0 = Debug|Any CPU
		{4C44422C-FCB8-4976-A8AB-9BEF6F2144F4}.Release|Any CPU.ActiveCfg = Release|Any CPU
		{4C44422C-FCB8-4976-A8AB-9BEF6F2144F4}.Release|Any CPU.Build.0 = Release|Any CPU
		{96BE39BB-BECF-4F83-9F08-0A7B21FF91AA}.Debug|Any CPU.ActiveCfg = Debug|Any CPU
		{96BE39BB-BECF-4F83-9F08-0A7B21FF91AA}.Debug|Any CPU.Build.0 = Debug|Any CPU
		{96BE39BB-BECF-4F83-9F08-0A7B21FF91AA}.DebugLocal|Any CPU.ActiveCfg = Debug|Any CPU
		{96BE39BB-BECF-4F83-9F08-0A7B21FF91AA}.DebugLocal|Any CPU.Build.0 = Debug|Any CPU
		{96BE39BB-BECF-4F83-9F08-0A7B21FF91AA}.Release|Any CPU.ActiveCfg = Release|Any CPU
		{96BE39BB-BECF-4F83-9F08-0A7B21FF91AA}.Release|Any CPU.Build.0 = Release|Any CPU
		{795FF9CB-EB72-4524-AC52-1A0CCD16E789}.Debug|Any CPU.ActiveCfg = Debug|Any CPU
		{795FF9CB-EB72-4524-AC52-1A0CCD16E789}.Debug|Any CPU.Build.0 = Debug|Any CPU
		{795FF9CB-EB72-4524-AC52-1A0CCD16E789}.DebugLocal|Any CPU.ActiveCfg = Debug|Any CPU
		{795FF9CB-EB72-4524-AC52-1A0CCD16E789}.DebugLocal|Any CPU.Build.0 = Debug|Any CPU
		{795FF9CB-EB72-4524-AC52-1A0CCD16E789}.Release|Any CPU.ActiveCfg = Release|Any CPU
		{795FF9CB-EB72-4524-AC52-1A0CCD16E789}.Release|Any CPU.Build.0 = Release|Any CPU
		{CB672166-38FA-451D-BA5D-1277C71246F7}.Debug|Any CPU.ActiveCfg = Debug|Any CPU
		{CB672166-38FA-451D-BA5D-1277C71246F7}.Debug|Any CPU.Build.0 = Debug|Any CPU
		{CB672166-38FA-451D-BA5D-1277C71246F7}.DebugLocal|Any CPU.ActiveCfg = Debug|Any CPU
		{CB672166-38FA-451D-BA5D-1277C71246F7}.DebugLocal|Any CPU.Build.0 = Debug|Any CPU
		{CB672166-38FA-451D-BA5D-1277C71246F7}.Release|Any CPU.ActiveCfg = Release|Any CPU
		{CB672166-38FA-451D-BA5D-1277C71246F7}.Release|Any CPU.Build.0 = Release|Any CPU
		{093932F9-9467-41BF-A599-62EFBAB07A9A}.Debug|Any CPU.ActiveCfg = Debug|Any CPU
		{093932F9-9467-41BF-A599-62EFBAB07A9A}.Debug|Any CPU.Build.0 = Debug|Any CPU
		{093932F9-9467-41BF-A599-62EFBAB07A9A}.DebugLocal|Any CPU.ActiveCfg = Debug|Any CPU
		{093932F9-9467-41BF-A599-62EFBAB07A9A}.DebugLocal|Any CPU.Build.0 = Debug|Any CPU
		{093932F9-9467-41BF-A599-62EFBAB07A9A}.Release|Any CPU.ActiveCfg = Release|Any CPU
		{093932F9-9467-41BF-A599-62EFBAB07A9A}.Release|Any CPU.Build.0 = Release|Any CPU
		{969E96AE-7A6F-413B-9897-29E381849BF7}.Debug|Any CPU.ActiveCfg = Debug|Any CPU
		{969E96AE-7A6F-413B-9897-29E381849BF7}.Debug|Any CPU.Build.0 = Debug|Any CPU
		{969E96AE-7A6F-413B-9897-29E381849BF7}.DebugLocal|Any CPU.ActiveCfg = Debug|Any CPU
		{969E96AE-7A6F-413B-9897-29E381849BF7}.DebugLocal|Any CPU.Build.0 = Debug|Any CPU
		{969E96AE-7A6F-413B-9897-29E381849BF7}.Release|Any CPU.ActiveCfg = Release|Any CPU
		{969E96AE-7A6F-413B-9897-29E381849BF7}.Release|Any CPU.Build.0 = Release|Any CPU
	EndGlobalSection
	GlobalSection(SolutionProperties) = preSolution
		HideSolutionNode = FALSE
	EndGlobalSection
	GlobalSection(NestedProjects) = preSolution
		{A967DF06-3793-435D-A1FC-2D55A0AA4DFF} = {6CD8A245-6C61-44D8-A764-AC04EE681251}
		{C4F8CAA0-7A9A-491A-AD98-3EAE00C010E7} = {7612ADEC-2E7F-4CAD-A3EE-A3872083B8E9}
		{230C1BC9-E5EA-4B66-835D-12B0740C66B0} = {6A89C775-D350-4FED-B60F-D03098E4A550}
		{D04C9157-30DD-4950-A61E-433387913556} = {A967DF06-3793-435D-A1FC-2D55A0AA4DFF}
		{A9B37050-B6E1-4169-BBE9-B84BF14972DC} = {A967DF06-3793-435D-A1FC-2D55A0AA4DFF}
		{1F281949-E69D-4DE3-997B-5B84FA04F032} = {A967DF06-3793-435D-A1FC-2D55A0AA4DFF}
		{EFC050B8-0577-4880-A110-ACAAD8AFC246} = {666CDCF7-0094-49CB-9F09-1F538B4AA5C8}
		{70F04AFC-4E94-4ED5-A04C-5CBF808F0346} = {666CDCF7-0094-49CB-9F09-1F538B4AA5C8}
		{8D58E602-AB40-4F99-B2FA-4A1B613874D8} = {666CDCF7-0094-49CB-9F09-1F538B4AA5C8}
		{2E52617A-DE09-48BD-AFF1-D0FD11306CD1} = {C4F8CAA0-7A9A-491A-AD98-3EAE00C010E7}
		{BAB5FA9A-CCE1-4E0F-8FEA-D4B10DCD373A} = {7612ADEC-2E7F-4CAD-A3EE-A3872083B8E9}
		{781D56EC-A0B5-4A1A-A593-EBB48D36B056} = {7612ADEC-2E7F-4CAD-A3EE-A3872083B8E9}
		{4C44422C-FCB8-4976-A8AB-9BEF6F2144F4} = {6A89C775-D350-4FED-B60F-D03098E4A550}
		{96BE39BB-BECF-4F83-9F08-0A7B21FF91AA} = {9B5F7340-B969-42BD-8B8B-BF844B3148C5}
		{795FF9CB-EB72-4524-AC52-1A0CCD16E789} = {9B5F7340-B969-42BD-8B8B-BF844B3148C5}
		{1276A1BB-3A7A-4F25-A8E1-99879B22E94E} = {B874F601-0E2C-4760-AE4F-652BCA029408}
		{CB672166-38FA-451D-BA5D-1277C71246F7} = {1276A1BB-3A7A-4F25-A8E1-99879B22E94E}
		{AD87360A-CEB0-4076-AB54-5601C31E54CD} = {9B5F7340-B969-42BD-8B8B-BF844B3148C5}
		{093932F9-9467-41BF-A599-62EFBAB07A9A} = {AD87360A-CEB0-4076-AB54-5601C31E54CD}
		{969E96AE-7A6F-413B-9897-29E381849BF7} = {B874F601-0E2C-4760-AE4F-652BCA029408}
	EndGlobalSection
	GlobalSection(ExtensibilityGlobals) = postSolution
		SolutionGuid = {6F240C97-5C81-4492-A5F6-AF717D6BE5A7}
		VisualSVNWorkingCopyRoot = .
		EnterpriseLibraryConfigurationToolBinariesPathV6 = packages\EnterpriseLibrary.Common.6.0.1304.0\lib\NET45;packages\EnterpriseLibrary.Logging.6.0.1304.0\lib\NET45;packages\EnterpriseLibrary.ExceptionHandling.6.0.1304.0\lib\NET45;packages\EnterpriseLibrary.ExceptionHandling.Logging.6.0.1304.0\lib\NET45
	EndGlobalSection
EndGlobal
